
Microsoft Visual Studio Solution File, Format Version 12.00
# Visual Studio 2015
Project("{FAE04EC0-301F-11D3-BF4B-00C04F79EFBC}") = "crystal.CSharp", "crystal.CSharp.csproj", "{6193AEF0-4363-FE8E-C3AE-17079EC08BF9}"
EndProject
Project("{FAE04EC0-301F-11D3-BF4B-00C04F79EFBC}") = "crystal.CSharp.Editor", "crystal.CSharp.Editor.csproj", "{8515B313-BB5D-6CC0-0538-B04618DD2621}"
EndProject
Global
	GlobalSection(SolutionConfigurationPlatforms) = preSolution
		Debug|Any CPU = Debug|Any CPU
		Release|Any CPU = Release|Any CPU
	EndGlobalSection
	GlobalSection(ProjectConfigurationPlatforms) = postSolution
		{6193AEF0-4363-FE8E-C3AE-17079EC08BF9}.Debug|Any CPU.ActiveCfg = Debug|Any CPU
		{6193AEF0-4363-FE8E-C3AE-17079EC08BF9}.Debug|Any CPU.Build.0 = Debug|Any CPU
		{6193AEF0-4363-FE8E-C3AE-17079EC08BF9}.Release|Any CPU.ActiveCfg = Release|Any CPU
		{6193AEF0-4363-FE8E-C3AE-17079EC08BF9}.Release|Any CPU.Build.0 = Release|Any CPU
		{8515B313-BB5D-6CC0-0538-B04618DD2621}.Debug|Any CPU.ActiveCfg = Debug|Any CPU
		{8515B313-BB5D-6CC0-0538-B04618DD2621}.Debug|Any CPU.Build.0 = Debug|Any CPU
		{8515B313-BB5D-6CC0-0538-B04618DD2621}.Release|Any CPU.ActiveCfg = Release|Any CPU
		{8515B313-BB5D-6CC0-0538-B04618DD2621}.Release|Any CPU.Build.0 = Release|Any CPU
	EndGlobalSection
	GlobalSection(SolutionProperties) = preSolution
		HideSolutionNode = FALSE
	EndGlobalSection
EndGlobal
