
Microsoft Visual Studio Solution File, Format Version 12.00
# Visual Studio 2017
Project("{FAE04EC0-301F-11D3-BF4B-00C04F79EFBC}") = "crystal", "crystal.csproj", "{887ECFF0-7F62-5CF8-3BE6-112D94C7EDB7}"
EndProject
Project("{FAE04EC0-301F-11D3-BF4B-00C04F79EFBC}") = "crystal.Editor", "crystal.Editor.csproj", "{FDC9D5B7-8A65-9EB4-6282-31E1C961627E}"
EndProject
Global
	GlobalSection(SolutionConfigurationPlatforms) = preSolution
		Debug|Any CPU = Debug|Any CPU
		Release|Any CPU = Release|Any CPU
	EndGlobalSection
	GlobalSection(ProjectConfigurationPlatforms) = postSolution
		{887ECFF0-7F62-5CF8-3BE6-112D94C7EDB7}.Debug|Any CPU.ActiveCfg = Debug|Any CPU
		{887ECFF0-7F62-5CF8-3BE6-112D94C7EDB7}.Debug|Any CPU.Build.0 = Debug|Any CPU
		{887ECFF0-7F62-5CF8-3BE6-112D94C7EDB7}.Release|Any CPU.ActiveCfg = Release|Any CPU
		{887ECFF0-7F62-5CF8-3BE6-112D94C7EDB7}.Release|Any CPU.Build.0 = Release|Any CPU
		{FDC9D5B7-8A65-9EB4-6282-31E1C961627E}.Debug|Any CPU.ActiveCfg = Debug|Any CPU
		{FDC9D5B7-8A65-9EB4-6282-31E1C961627E}.Debug|Any CPU.Build.0 = Debug|Any CPU
		{FDC9D5B7-8A65-9EB4-6282-31E1C961627E}.Release|Any CPU.ActiveCfg = Release|Any CPU
		{FDC9D5B7-8A65-9EB4-6282-31E1C961627E}.Release|Any CPU.Build.0 = Release|Any CPU
	EndGlobalSection
	GlobalSection(SolutionProperties) = preSolution
		HideSolutionNode = FALSE
	EndGlobalSection
EndGlobal
